# This file is automatically @generated by Poetry 1.4.2 and should not be changed by hand.

[[package]]
name = "click"
version = "8.1.3"
description = "Composable command line interface toolkit"
category = "main"
optional = false
python-versions = ">=3.7"
files = [
    {file = "click-8.1.3-py3-none-any.whl", hash = "sha256:bb4d8133cb15a609f44e8213d9b391b0809795062913b383c62be0ee95b1db48"},
    {file = "click-8.1.3.tar.gz", hash = "sha256:7682dc8afb30297001674575ea00d1814d808d6a36af415a82bd481d37ba7b8e"},
]

[package.dependencies]
colorama = {version = "*", markers = "platform_system == \"Windows\""}

[[package]]
name = "colorama"
version = "0.4.6"
description = "Cross-platform colored terminal text."
category = "main"
optional = false
python-versions = "!=3.0.*,!=3.1.*,!=3.2.*,!=3.3.*,!=3.4.*,!=3.5.*,!=3.6.*,>=2.7"
files = [
    {file = "colorama-0.4.6-py2.py3-none-any.whl", hash = "sha256:4f1d9991f5acc0ca119f9d443620b77f9d6b33703e51011c16baf57afb285fc6"},
    {file = "colorama-0.4.6.tar.gz", hash = "sha256:08695f5cb7ed6e0531a20572697297273c47b8cae5a63ffc6d6ed5c201be6e44"},
]

[[package]]
name = "greenlet"
version = "2.0.2"
description = "Lightweight in-process concurrent programming"
category = "main"
optional = false
python-versions = ">=2.7,!=3.0.*,!=3.1.*,!=3.2.*,!=3.3.*,!=3.4.*"
files = [
    {file = "greenlet-2.0.2-cp27-cp27m-macosx_10_14_x86_64.whl", hash = "sha256:bdfea8c661e80d3c1c99ad7c3ff74e6e87184895bbaca6ee8cc61209f8b9b85d"},
    {file = "greenlet-2.0.2-cp27-cp27m-manylinux2010_x86_64.whl", hash = "sha256:9d14b83fab60d5e8abe587d51c75b252bcc21683f24699ada8fb275d7712f5a9"},
    {file = "greenlet-2.0.2-cp27-cp27m-win32.whl", hash = "sha256:6c3acb79b0bfd4fe733dff8bc62695283b57949ebcca05ae5c129eb606ff2d74"},
    {file = "greenlet-2.0.2-cp27-cp27m-win_amd64.whl", hash = "sha256:283737e0da3f08bd637b5ad058507e578dd462db259f7f6e4c5c365ba4ee9343"},
    {file = "greenlet-2.0.2-cp27-cp27mu-manylinux2010_x86_64.whl", hash = "sha256:d27ec7509b9c18b6d73f2f5ede2622441de812e7b1a80bbd446cb0633bd3d5ae"},
    {file = "greenlet-2.0.2-cp310-cp310-macosx_11_0_x86_64.whl", hash = "sha256:30bcf80dda7f15ac77ba5af2b961bdd9dbc77fd4ac6105cee85b0d0a5fcf74df"},
    {file = "greenlet-2.0.2-cp310-cp310-manylinux_2_17_aarch64.manylinux2014_aarch64.whl", hash = "sha256:26fbfce90728d82bc9e6c38ea4d038cba20b7faf8a0ca53a9c07b67318d46088"},
    {file = "greenlet-2.0.2-cp310-cp310-manylinux_2_17_ppc64le.manylinux2014_ppc64le.whl", hash = "sha256:9190f09060ea4debddd24665d6804b995a9c122ef5917ab26e1566dcc712ceeb"},
    {file = "greenlet-2.0.2-cp310-cp310-manylinux_2_17_x86_64.manylinux2014_x86_64.whl", hash = "sha256:d75209eed723105f9596807495d58d10b3470fa6732dd6756595e89925ce2470"},
    {file = "greenlet-2.0.2-cp310-cp310-musllinux_1_1_aarch64.whl", hash = "sha256:3a51c9751078733d88e013587b108f1b7a1fb106d402fb390740f002b6f6551a"},
    {file = "greenlet-2.0.2-cp310-cp310-musllinux_1_1_x86_64.whl", hash = "sha256:76ae285c8104046b3a7f06b42f29c7b73f77683df18c49ab5af7983994c2dd91"},
    {file = "greenlet-2.0.2-cp310-cp310-win_amd64.whl", hash = "sha256:2d4686f195e32d36b4d7cf2d166857dbd0ee9f3d20ae349b6bf8afc8485b3645"},
    {file = "greenlet-2.0.2-cp311-cp311-macosx_10_9_universal2.whl", hash = "sha256:c4302695ad8027363e96311df24ee28978162cdcdd2006476c43970b384a244c"},
    {file = "greenlet-2.0.2-cp311-cp311-manylinux_2_17_aarch64.manylinux2014_aarch64.whl", hash = "sha256:c48f54ef8e05f04d6eff74b8233f6063cb1ed960243eacc474ee73a2ea8573ca"},
    {file = "greenlet-2.0.2-cp311-cp311-manylinux_2_17_ppc64le.manylinux2014_ppc64le.whl", hash = "sha256:a1846f1b999e78e13837c93c778dcfc3365902cfb8d1bdb7dd73ead37059f0d0"},
    {file = "greenlet-2.0.2-cp311-cp311-manylinux_2_17_x86_64.manylinux2014_x86_64.whl", hash = "sha256:3a06ad5312349fec0ab944664b01d26f8d1f05009566339ac6f63f56589bc1a2"},
    {file = "greenlet-2.0.2-cp311-cp311-musllinux_1_1_aarch64.whl", hash = "sha256:eff4eb9b7eb3e4d0cae3d28c283dc16d9bed6b193c2e1ace3ed86ce48ea8df19"},
    {file = "greenlet-2.0.2-cp311-cp311-musllinux_1_1_x86_64.whl", hash = "sha256:5454276c07d27a740c5892f4907c86327b632127dd9abec42ee62e12427ff7e3"},
    {file = "greenlet-2.0.2-cp311-cp311-win_amd64.whl", hash = "sha256:7cafd1208fdbe93b67c7086876f061f660cfddc44f404279c1585bbf3cdc64c5"},
    {file = "greenlet-2.0.2-cp35-cp35m-macosx_10_14_x86_64.whl", hash = "sha256:910841381caba4f744a44bf81bfd573c94e10b3045ee00de0cbf436fe50673a6"},
    {file = "greenlet-2.0.2-cp35-cp35m-manylinux2010_x86_64.whl", hash = "sha256:18a7f18b82b52ee85322d7a7874e676f34ab319b9f8cce5de06067384aa8ff43"},
    {file = "greenlet-2.0.2-cp35-cp35m-win32.whl", hash = "sha256:03a8f4f3430c3b3ff8d10a2a86028c660355ab637cee9333d63d66b56f09d52a"},
    {file = "greenlet-2.0.2-cp35-cp35m-win_amd64.whl", hash = "sha256:4b58adb399c4d61d912c4c331984d60eb66565175cdf4a34792cd9600f21b394"},
    {file = "greenlet-2.0.2-cp36-cp36m-macosx_10_14_x86_64.whl", hash = "sha256:703f18f3fda276b9a916f0934d2fb6d989bf0b4fb5a64825260eb9bfd52d78f0"},
    {file = "greenlet-2.0.2-cp36-cp36m-manylinux2010_x86_64.whl", hash = "sha256:32e5b64b148966d9cccc2c8d35a671409e45f195864560829f395a54226408d3"},
    {file = "greenlet-2.0.2-cp36-cp36m-manylinux_2_17_aarch64.manylinux2014_aarch64.whl", hash = "sha256:2dd11f291565a81d71dab10b7033395b7a3a5456e637cf997a6f33ebdf06f8db"},
    {file = "greenlet-2.0.2-cp36-cp36m-manylinux_2_17_ppc64le.manylinux2014_ppc64le.whl", hash = "sha256:e0f72c9ddb8cd28532185f54cc1453f2c16fb417a08b53a855c4e6a418edd099"},
    {file = "greenlet-2.0.2-cp36-cp36m-manylinux_2_17_x86_64.manylinux2014_x86_64.whl", hash = "sha256:cd021c754b162c0fb55ad5d6b9d960db667faad0fa2ff25bb6e1301b0b6e6a75"},
    {file = "greenlet-2.0.2-cp36-cp36m-musllinux_1_1_aarch64.whl", hash = "sha256:3c9b12575734155d0c09d6c3e10dbd81665d5c18e1a7c6597df72fd05990c8cf"},
    {file = "greenlet-2.0.2-cp36-cp36m-musllinux_1_1_x86_64.whl", hash = "sha256:b9ec052b06a0524f0e35bd8790686a1da006bd911dd1ef7d50b77bfbad74e292"},
    {file = "greenlet-2.0.2-cp36-cp36m-win32.whl", hash = "sha256:dbfcfc0218093a19c252ca8eb9aee3d29cfdcb586df21049b9d777fd32c14fd9"},
    {file = "greenlet-2.0.2-cp36-cp36m-win_amd64.whl", hash = "sha256:9f35ec95538f50292f6d8f2c9c9f8a3c6540bbfec21c9e5b4b751e0a7c20864f"},
    {file = "greenlet-2.0.2-cp37-cp37m-macosx_10_15_x86_64.whl", hash = "sha256:d5508f0b173e6aa47273bdc0a0b5ba055b59662ba7c7ee5119528f466585526b"},
    {file = "greenlet-2.0.2-cp37-cp37m-manylinux2010_x86_64.whl", hash = "sha256:f82d4d717d8ef19188687aa32b8363e96062911e63ba22a0cff7802a8e58e5f1"},
    {file = "greenlet-2.0.2-cp37-cp37m-manylinux_2_17_aarch64.manylinux2014_aarch64.whl", hash = "sha256:c9c59a2120b55788e800d82dfa99b9e156ff8f2227f07c5e3012a45a399620b7"},
    {file = "greenlet-2.0.2-cp37-cp37m-manylinux_2_17_ppc64le.manylinux2014_ppc64le.whl", hash = "sha256:2780572ec463d44c1d3ae850239508dbeb9fed38e294c68d19a24d925d9223ca"},
    {file = "greenlet-2.0.2-cp37-cp37m-manylinux_2_17_x86_64.manylinux2014_x86_64.whl", hash = "sha256:937e9020b514ceedb9c830c55d5c9872abc90f4b5862f89c0887033ae33c6f73"},
    {file = "greenlet-2.0.2-cp37-cp37m-musllinux_1_1_aarch64.whl", hash = "sha256:36abbf031e1c0f79dd5d596bfaf8e921c41df2bdf54ee1eed921ce1f52999a86"},
    {file = "greenlet-2.0.2-cp37-cp37m-musllinux_1_1_x86_64.whl", hash = "sha256:18e98fb3de7dba1c0a852731c3070cf022d14f0d68b4c87a19cc1016f3bb8b33"},
    {file = "greenlet-2.0.2-cp37-cp37m-win32.whl", hash = "sha256:3f6ea9bd35eb450837a3d80e77b517ea5bc56b4647f5502cd28de13675ee12f7"},
    {file = "greenlet-2.0.2-cp37-cp37m-win_amd64.whl", hash = "sha256:7492e2b7bd7c9b9916388d9df23fa49d9b88ac0640db0a5b4ecc2b653bf451e3"},
    {file = "greenlet-2.0.2-cp38-cp38-macosx_10_15_x86_64.whl", hash = "sha256:b864ba53912b6c3ab6bcb2beb19f19edd01a6bfcbdfe1f37ddd1778abfe75a30"},
    {file = "greenlet-2.0.2-cp38-cp38-manylinux2010_x86_64.whl", hash = "sha256:ba2956617f1c42598a308a84c6cf021a90ff3862eddafd20c3333d50f0edb45b"},
    {file = "greenlet-2.0.2-cp38-cp38-manylinux_2_17_aarch64.manylinux2014_aarch64.whl", hash = "sha256:fc3a569657468b6f3fb60587e48356fe512c1754ca05a564f11366ac9e306526"},
    {file = "greenlet-2.0.2-cp38-cp38-manylinux_2_17_ppc64le.manylinux2014_ppc64le.whl", hash = "sha256:8eab883b3b2a38cc1e050819ef06a7e6344d4a990d24d45bc6f2cf959045a45b"},
    {file = "greenlet-2.0.2-cp38-cp38-manylinux_2_17_x86_64.manylinux2014_x86_64.whl", hash = "sha256:acd2162a36d3de67ee896c43effcd5ee3de247eb00354db411feb025aa319857"},
    {file = "greenlet-2.0.2-cp38-cp38-musllinux_1_1_aarch64.whl", hash = "sha256:0bf60faf0bc2468089bdc5edd10555bab6e85152191df713e2ab1fcc86382b5a"},
    {file = "greenlet-2.0.2-cp38-cp38-musllinux_1_1_x86_64.whl", hash = "sha256:b0ef99cdbe2b682b9ccbb964743a6aca37905fda5e0452e5ee239b1654d37f2a"},
    {file = "greenlet-2.0.2-cp38-cp38-win32.whl", hash = "sha256:b80f600eddddce72320dbbc8e3784d16bd3fb7b517e82476d8da921f27d4b249"},
    {file = "greenlet-2.0.2-cp38-cp38-win_amd64.whl", hash = "sha256:4d2e11331fc0c02b6e84b0d28ece3a36e0548ee1a1ce9ddde03752d9b79bba40"},
    {file = "greenlet-2.0.2-cp39-cp39-macosx_11_0_x86_64.whl", hash = "sha256:88d9ab96491d38a5ab7c56dd7a3cc37d83336ecc564e4e8816dbed12e5aaefc8"},
    {file = "greenlet-2.0.2-cp39-cp39-manylinux2010_x86_64.whl", hash = "sha256:561091a7be172ab497a3527602d467e2b3fbe75f9e783d8b8ce403fa414f71a6"},
    {file = "greenlet-2.0.2-cp39-cp39-manylinux_2_17_aarch64.manylinux2014_aarch64.whl", hash = "sha256:971ce5e14dc5e73715755d0ca2975ac88cfdaefcaab078a284fea6cfabf866df"},
    {file = "greenlet-2.0.2-cp39-cp39-manylinux_2_17_ppc64le.manylinux2014_ppc64le.whl", hash = "sha256:be4ed120b52ae4d974aa40215fcdfde9194d63541c7ded40ee12eb4dda57b76b"},
    {file = "greenlet-2.0.2-cp39-cp39-manylinux_2_17_x86_64.manylinux2014_x86_64.whl", hash = "sha256:94c817e84245513926588caf1152e3b559ff794d505555211ca041f032abbb6b"},
    {file = "greenlet-2.0.2-cp39-cp39-musllinux_1_1_aarch64.whl", hash = "sha256:1a819eef4b0e0b96bb0d98d797bef17dc1b4a10e8d7446be32d1da33e095dbb8"},
    {file = "greenlet-2.0.2-cp39-cp39-musllinux_1_1_x86_64.whl", hash = "sha256:7efde645ca1cc441d6dc4b48c0f7101e8d86b54c8530141b09fd31cef5149ec9"},
    {file = "greenlet-2.0.2-cp39-cp39-win32.whl", hash = "sha256:ea9872c80c132f4663822dd2a08d404073a5a9b5ba6155bea72fb2a79d1093b5"},
    {file = "greenlet-2.0.2-cp39-cp39-win_amd64.whl", hash = "sha256:db1a39669102a1d8d12b57de2bb7e2ec9066a6f2b3da35ae511ff93b01b5d564"},
    {file = "greenlet-2.0.2.tar.gz", hash = "sha256:e7c8dc13af7db097bed64a051d2dd49e9f0af495c26995c00a9ee842690d34c0"},
]

[package.extras]
docs = ["Sphinx", "docutils (<0.18)"]
test = ["objgraph", "psutil"]

[[package]]
name = "passwordgenerator"
version = "1.5.1"
description = "Passwords easy for humans, hard for computers"
category = "main"
optional = false
python-versions = ">=2.7,>=3.2"
files = [
    {file = "passwordgenerator-1.5.1-py2.py3-none-any.whl", hash = "sha256:d6d0265e4a5cb139edd27a47f9e78464f33b066f4f283bb622fe2b32e2e3999c"},
    {file = "passwordgenerator-1.5.1.tar.gz", hash = "sha256:4cb80150c812ce1d76d36187d95765f7976dcc47628a7c8e03677f52b4341a5a"},
]

[[package]]
name = "pycryptodome"
version = "3.17"
description = "Cryptographic library for Python"
category = "main"
optional = false
python-versions = ">=2.7, !=3.0.*, !=3.1.*, !=3.2.*, !=3.3.*, !=3.4.*"
files = [
    {file = "pycryptodome-3.17-cp27-cp27m-macosx_10_9_x86_64.whl", hash = "sha256:2c5631204ebcc7ae33d11c43037b2dafe25e2ab9c1de6448eb6502ac69c19a56"},
    {file = "pycryptodome-3.17-cp27-cp27m-manylinux2010_i686.whl", hash = "sha256:04779cc588ad8f13c80a060b0b1c9d1c203d051d8a43879117fe6b8aaf1cd3fa"},
    {file = "pycryptodome-3.17-cp27-cp27m-manylinux2010_x86_64.whl", hash = "sha256:f812d58c5af06d939b2baccdda614a3ffd80531a26e5faca2c9f8b1770b2b7af"},
    {file = "pycryptodome-3.17-cp27-cp27m-manylinux2014_aarch64.whl", hash = "sha256:9453b4e21e752df8737fdffac619e93c9f0ec55ead9a45df782055eb95ef37d9"},
    {file = "pycryptodome-3.17-cp27-cp27m-musllinux_1_1_aarch64.whl", hash = "sha256:121d61663267f73692e8bde5ec0d23c9146465a0d75cad75c34f75c752527b01"},
    {file = "pycryptodome-3.17-cp27-cp27m-win32.whl", hash = "sha256:ba2d4fcb844c6ba5df4bbfee9352ad5352c5ae939ac450e06cdceff653280450"},
    {file = "pycryptodome-3.17-cp27-cp27m-win_amd64.whl", hash = "sha256:87e2ca3aa557781447428c4b6c8c937f10ff215202ab40ece5c13a82555c10d6"},
    {file = "pycryptodome-3.17-cp27-cp27mu-manylinux2010_i686.whl", hash = "sha256:f44c0d28716d950135ff21505f2c764498eda9d8806b7c78764165848aa419bc"},
    {file = "pycryptodome-3.17-cp27-cp27mu-manylinux2010_x86_64.whl", hash = "sha256:5a790bc045003d89d42e3b9cb3cc938c8561a57a88aaa5691512e8540d1ae79c"},
    {file = "pycryptodome-3.17-cp27-cp27mu-manylinux2014_aarch64.whl", hash = "sha256:d086d46774e27b280e4cece8ab3d87299cf0d39063f00f1e9290d096adc5662a"},
    {file = "pycryptodome-3.17-cp27-cp27mu-musllinux_1_1_aarch64.whl", hash = "sha256:5587803d5b66dfd99e7caa31ed91fba0fdee3661c5d93684028ad6653fce725f"},
    {file = "pycryptodome-3.17-cp35-abi3-macosx_10_9_universal2.whl", hash = "sha256:e7debd9c439e7b84f53be3cf4ba8b75b3d0b6e6015212355d6daf44ac672e210"},
    {file = "pycryptodome-3.17-cp35-abi3-macosx_10_9_x86_64.whl", hash = "sha256:ca1ceb6303be1282148f04ac21cebeebdb4152590842159877778f9cf1634f09"},
    {file = "pycryptodome-3.17-cp35-abi3-manylinux2014_aarch64.whl", hash = "sha256:dc22cc00f804485a3c2a7e2010d9f14a705555f67020eb083e833cabd5bd82e4"},
    {file = "pycryptodome-3.17-cp35-abi3-manylinux_2_17_x86_64.manylinux2014_x86_64.whl", hash = "sha256:80ea8333b6a5f2d9e856ff2293dba2e3e661197f90bf0f4d5a82a0a6bc83a626"},
    {file = "pycryptodome-3.17-cp35-abi3-manylinux_2_5_i686.manylinux1_i686.manylinux_2_17_i686.manylinux2014_i686.whl", hash = "sha256:c133f6721fba313722a018392a91e3c69d3706ae723484841752559e71d69dc6"},
    {file = "pycryptodome-3.17-cp35-abi3-musllinux_1_1_aarch64.whl", hash = "sha256:333306eaea01fde50a73c4619e25631e56c4c61bd0fb0a2346479e67e3d3a820"},
    {file = "pycryptodome-3.17-cp35-abi3-musllinux_1_1_i686.whl", hash = "sha256:1a30f51b990994491cec2d7d237924e5b6bd0d445da9337d77de384ad7f254f9"},
    {file = "pycryptodome-3.17-cp35-abi3-musllinux_1_1_x86_64.whl", hash = "sha256:909e36a43fe4a8a3163e9c7fc103867825d14a2ecb852a63d3905250b308a4e5"},
    {file = "pycryptodome-3.17-cp35-abi3-win32.whl", hash = "sha256:a3228728a3808bc9f18c1797ec1179a0efb5068c817b2ffcf6bcd012494dffb2"},
    {file = "pycryptodome-3.17-cp35-abi3-win_amd64.whl", hash = "sha256:9ec565e89a6b400eca814f28d78a9ef3f15aea1df74d95b28b7720739b28f37f"},
    {file = "pycryptodome-3.17-pp27-pypy_73-macosx_10_9_x86_64.whl", hash = "sha256:e1819b67bcf6ca48341e9b03c2e45b1c891fa8eb1a8458482d14c2805c9616f2"},
    {file = "pycryptodome-3.17-pp27-pypy_73-manylinux2010_x86_64.whl", hash = "sha256:f8e550caf52472ae9126953415e4fc554ab53049a5691c45b8816895c632e4d7"},
    {file = "pycryptodome-3.17-pp27-pypy_73-win32.whl", hash = "sha256:afbcdb0eda20a0e1d44e3a1ad6d4ec3c959210f4b48cabc0e387a282f4c7deb8"},
    {file = "pycryptodome-3.17-pp38-pypy38_pp73-macosx_10_9_x86_64.whl", hash = "sha256:a74f45aee8c5cc4d533e585e0e596e9f78521e1543a302870a27b0ae2106381e"},
    {file = "pycryptodome-3.17-pp38-pypy38_pp73-manylinux_2_17_x86_64.manylinux2014_x86_64.whl", hash = "sha256:38bbd6717eac084408b4094174c0805bdbaba1f57fc250fd0309ae5ec9ed7e09"},
    {file = "pycryptodome-3.17-pp38-pypy38_pp73-manylinux_2_5_i686.manylinux1_i686.manylinux_2_17_i686.manylinux2014_i686.whl", hash = "sha256:f68d6c8ea2974a571cacb7014dbaada21063a0375318d88ac1f9300bc81e93c3"},
    {file = "pycryptodome-3.17-pp38-pypy38_pp73-win_amd64.whl", hash = "sha256:8198f2b04c39d817b206ebe0db25a6653bb5f463c2319d6f6d9a80d012ac1e37"},
    {file = "pycryptodome-3.17-pp39-pypy39_pp73-macosx_10_9_x86_64.whl", hash = "sha256:3a232474cd89d3f51e4295abe248a8b95d0332d153bf46444e415409070aae1e"},
    {file = "pycryptodome-3.17-pp39-pypy39_pp73-manylinux_2_17_x86_64.manylinux2014_x86_64.whl", hash = "sha256:4992ec965606054e8326e83db1c8654f0549cdb26fce1898dc1a20bc7684ec1c"},
    {file = "pycryptodome-3.17-pp39-pypy39_pp73-manylinux_2_5_i686.manylinux1_i686.manylinux_2_17_i686.manylinux2014_i686.whl", hash = "sha256:53068e33c74f3b93a8158dacaa5d0f82d254a81b1002e0cd342be89fcb3433eb"},
    {file = "pycryptodome-3.17-pp39-pypy39_pp73-win_amd64.whl", hash = "sha256:74794a2e2896cd0cf56fdc9db61ef755fa812b4a4900fa46c49045663a92b8d0"},
    {file = "pycryptodome-3.17.tar.gz", hash = "sha256:bce2e2d8e82fcf972005652371a3e8731956a0c1fbb719cc897943b3695ad91b"},
]

[[package]]
name = "pyperclip"
version = "1.8.2"
description = "A cross-platform clipboard module for Python. (Only handles plain text for now.)"
category = "main"
optional = false
python-versions = "*"
files = [
    {file = "pyperclip-1.8.2.tar.gz", hash = "sha256:105254a8b04934f0bc84e9c24eb360a591aaf6535c9def5f29d92af107a9bf57"},
]

[[package]]
name = "sqlalchemy"
version = "2.0.12"
description = "Database Abstraction Library"
category = "main"
optional = false
python-versions = ">=3.7"
files = [
    {file = "SQLAlchemy-2.0.12-cp310-cp310-macosx_10_9_x86_64.whl", hash = "sha256:10f1ff0ebe21d2cea89ead231ba3ecf75678463ab85f19ce2ce91207620737f3"},
    {file = "SQLAlchemy-2.0.12-cp310-cp310-macosx_11_0_arm64.whl", hash = "sha256:978bee4ecbcdadf087220618409fb9be9509458df479528b70308f0599c7c519"},
    {file = "SQLAlchemy-2.0.12-cp310-cp310-manylinux_2_17_aarch64.manylinux2014_aarch64.whl", hash = "sha256:53b2c8adbcbb59732fb21a024aaa261983655845d86e3fc26a5676cec0ebaa09"},
    {file = "SQLAlchemy-2.0.12-cp310-cp310-manylinux_2_17_x86_64.manylinux2014_x86_64.whl", hash = "sha256:91f4b1bdc987ef85fe3a0ce5d26ac72ff8f60207b08272aa2a65494836391d69"},
    {file = "SQLAlchemy-2.0.12-cp310-cp310-musllinux_1_1_aarch64.whl", hash = "sha256:dfd6385b662aea83e63dd4db5fe116eb11914022deb1745f0b57fa8470c18ffe"},
    {file = "SQLAlchemy-2.0.12-cp310-cp310-musllinux_1_1_x86_64.whl", hash = "sha256:5e9d390727c11b9a7e583bf6770de36895c0936bddb98ae93ae99282e6428d5f"},
    {file = "SQLAlchemy-2.0.12-cp310-cp310-win32.whl", hash = "sha256:a4709457f1c317e347051498b91fa2b86c4bcdebf93c84e6d121a4fc8a397307"},
    {file = "SQLAlchemy-2.0.12-cp310-cp310-win_amd64.whl", hash = "sha256:f0843132168b44ca33c5e5a2046c954775dde8c580ce27f5cf2e134d0d9919e4"},
    {file = "SQLAlchemy-2.0.12-cp311-cp311-macosx_10_9_x86_64.whl", hash = "sha256:32762dba51b663609757f861584a722093487f53737e76474cc6e190904dc31b"},
    {file = "SQLAlchemy-2.0.12-cp311-cp311-macosx_11_0_arm64.whl", hash = "sha256:5d709f43caee115b03b707b8cbbcb8b303045dd7cdc825b6d29857d71f3425ae"},
    {file = "SQLAlchemy-2.0.12-cp311-cp311-manylinux_2_17_aarch64.manylinux2014_aarch64.whl", hash = "sha256:9fe98e9d26778d7711ceee2c671741b4f54c74677668481d733d6f70747d7690"},
    {file = "SQLAlchemy-2.0.12-cp311-cp311-manylinux_2_17_x86_64.manylinux2014_x86_64.whl", hash = "sha256:2a3101252f3de9a18561c1fb0a68b1ee465485990aba458d4510f214bd5a582c"},
    {file = "SQLAlchemy-2.0.12-cp311-cp311-musllinux_1_1_aarch64.whl", hash = "sha256:6b1fa0ffc378a7061c452cb4a1f804fad1b3b8aa8d0552725531d27941b2e3ed"},
    {file = "SQLAlchemy-2.0.12-cp311-cp311-musllinux_1_1_x86_64.whl", hash = "sha256:c5268ec05c21e2ecf5bca09314bcaadfec01f02163088cd602db4379862958dd"},
    {file = "SQLAlchemy-2.0.12-cp311-cp311-win32.whl", hash = "sha256:77a06b0983faf9aa48ee6219d41ade39dee16ce90857cc181dbcf6918acd234d"},
    {file = "SQLAlchemy-2.0.12-cp311-cp311-win_amd64.whl", hash = "sha256:a022c588c0f413f8cddf9fcc597dbf317efeac4186d8bff9aa7f3219258348b0"},
    {file = "SQLAlchemy-2.0.12-cp37-cp37m-macosx_10_9_x86_64.whl", hash = "sha256:b6ceca432ce88ad12aab5b5896c343a1993c90b325d9193dcd055e73e18a0439"},
    {file = "SQLAlchemy-2.0.12-cp37-cp37m-manylinux_2_17_aarch64.manylinux2014_aarch64.whl", hash = "sha256:0e5501c78b5ab917f0f0f75ce7f0018f683a0a76e95f30e6561bf61c9ff69d43"},
    {file = "SQLAlchemy-2.0.12-cp37-cp37m-manylinux_2_17_x86_64.manylinux2014_x86_64.whl", hash = "sha256:dc67efd00ce7f428a446ce012673c03c63c5abb5dec3f33750087b8bdc173bf0"},
    {file = "SQLAlchemy-2.0.12-cp37-cp37m-musllinux_1_1_aarch64.whl", hash = "sha256:1fac17c866111283cbcdb7024d646abb71fdd95f3ce975cf3710258bc55742fd"},
    {file = "SQLAlchemy-2.0.12-cp37-cp37m-musllinux_1_1_x86_64.whl", hash = "sha256:f30c5608c64fc9c1fa9a16277eb4784f782362566fe40ff8d283358c8f2c5fe0"},
    {file = "SQLAlchemy-2.0.12-cp37-cp37m-win32.whl", hash = "sha256:85b0efe1c71459ba435a6593f54a0e39334b16ba383e8010fdb9d0127ca51ba8"},
    {file = "SQLAlchemy-2.0.12-cp37-cp37m-win_amd64.whl", hash = "sha256:b76c2fde827522e21922418325c1b95c2d795cdecfb4bc261e4d37965199ee7f"},
    {file = "SQLAlchemy-2.0.12-cp38-cp38-macosx_10_9_x86_64.whl", hash = "sha256:aec5fb36b53125554ecc2285526eb5cc31b21f6cb059993c1c5ca831959de052"},
    {file = "SQLAlchemy-2.0.12-cp38-cp38-macosx_11_0_arm64.whl", hash = "sha256:4ad525b9dd17b478a2ed8580d7f2bc46b0f5889153c6b1c099729583e395b4b9"},
    {file = "SQLAlchemy-2.0.12-cp38-cp38-manylinux_2_17_aarch64.manylinux2014_aarch64.whl", hash = "sha256:d9796d5c13b2b7f05084d0ce52528cf919f9bde9e0f10672a6393a4490415695"},
    {file = "SQLAlchemy-2.0.12-cp38-cp38-manylinux_2_17_x86_64.manylinux2014_x86_64.whl", hash = "sha256:6e1d50592cb24d1947c374c666add65ded7c181ec98a89ed17abbe9b8b2e2ff4"},
    {file = "SQLAlchemy-2.0.12-cp38-cp38-musllinux_1_1_aarch64.whl", hash = "sha256:bf83700faa9642388fbd3167db3f6cbb2e88cc8367b8c22204f3f408ee782d25"},
    {file = "SQLAlchemy-2.0.12-cp38-cp38-musllinux_1_1_x86_64.whl", hash = "sha256:297b752d4f30350b64175bbbd57dc94c061a35f5d1dba088d0a367dbbebabc94"},
    {file = "SQLAlchemy-2.0.12-cp38-cp38-win32.whl", hash = "sha256:369f6564e68a9c60f0b9dde121def491e651a4ba8dcdd652a93f1cd5977cd85c"},
    {file = "SQLAlchemy-2.0.12-cp38-cp38-win_amd64.whl", hash = "sha256:7eb25b981cbc9e7df9f56ad7ec4c6d77323090ca4b7147fcdc09d66535377759"},
    {file = "SQLAlchemy-2.0.12-cp39-cp39-macosx_10_9_x86_64.whl", hash = "sha256:f6ebadefc4331dda83c22519e1ea1e61104df6eb38abbb80ab91b0a8527a5c19"},
    {file = "SQLAlchemy-2.0.12-cp39-cp39-macosx_11_0_arm64.whl", hash = "sha256:3745dee26a7ee012598577ad3b8f6e6cd50a49b2afa0cde9db668da6bf2c2319"},
    {file = "SQLAlchemy-2.0.12-cp39-cp39-manylinux_2_17_aarch64.manylinux2014_aarch64.whl", hash = "sha256:09205893a84b6bedae0453d3f384f5d2a6499b6e45ad977549894cdcd85d8f1c"},
    {file = "SQLAlchemy-2.0.12-cp39-cp39-manylinux_2_17_x86_64.manylinux2014_x86_64.whl", hash = "sha256:8aad66215a3817a7a1d535769773333250de2653c89b53f7e2d42b677d398027"},
    {file = "SQLAlchemy-2.0.12-cp39-cp39-musllinux_1_1_aarch64.whl", hash = "sha256:e495ad05a13171fbb5d72fe5993469c8bceac42bcf6b8f9f117a518ee7fbc353"},
    {file = "SQLAlchemy-2.0.12-cp39-cp39-musllinux_1_1_x86_64.whl", hash = "sha256:03206576ca53f55b9de6e890273e498f4b2e6e687a9db9859bdcd21df5a63e53"},
    {file = "SQLAlchemy-2.0.12-cp39-cp39-win32.whl", hash = "sha256:87b2c2d13c3d1384859b60eabb3139e169ce68ada1d2963dbd0c7af797f16efe"},
    {file = "SQLAlchemy-2.0.12-cp39-cp39-win_amd64.whl", hash = "sha256:3c053c3f4c4e45d4c8b27977647566c140d6de3f61a4e2acb92ea24cf9911c7f"},
    {file = "SQLAlchemy-2.0.12-py3-none-any.whl", hash = "sha256:e752c34f7a2057ebe82c856698b9f277c633d4aad006bddf7af74598567c8931"},
    {file = "SQLAlchemy-2.0.12.tar.gz", hash = "sha256:bddfc5bd1dee5db0fddc9dab26f800c283f3243e7281bbf107200fed30125f9c"},
]

[package.dependencies]
greenlet = {version = "!=0.4.17", markers = "platform_machine == \"aarch64\" or platform_machine == \"ppc64le\" or platform_machine == \"x86_64\" or platform_machine == \"amd64\" or platform_machine == \"AMD64\" or platform_machine == \"win32\" or platform_machine == \"WIN32\""}
typing-extensions = ">=4.2.0"

[package.extras]
aiomysql = ["aiomysql", "greenlet (!=0.4.17)"]
aiosqlite = ["aiosqlite", "greenlet (!=0.4.17)", "typing-extensions (!=3.10.0.1)"]
asyncio = ["greenlet (!=0.4.17)"]
asyncmy = ["asyncmy (>=0.2.3,!=0.2.4,!=0.2.6)", "greenlet (!=0.4.17)"]
mariadb-connector = ["mariadb (>=1.0.1,!=1.1.2,!=1.1.5)"]
mssql = ["pyodbc"]
mssql-pymssql = ["pymssql"]
mssql-pyodbc = ["pyodbc"]
mypy = ["mypy (>=0.910)"]
mysql = ["mysqlclient (>=1.4.0)"]
mysql-connector = ["mysql-connector-python"]
oracle = ["cx-oracle (>=7)"]
oracle-oracledb = ["oracledb (>=1.0.1)"]
postgresql = ["psycopg2 (>=2.7)"]
postgresql-asyncpg = ["asyncpg", "greenlet (!=0.4.17)"]
postgresql-pg8000 = ["pg8000 (>=1.29.1)"]
postgresql-psycopg = ["psycopg (>=3.0.7)"]
postgresql-psycopg2binary = ["psycopg2-binary"]
postgresql-psycopg2cffi = ["psycopg2cffi"]
pymysql = ["pymysql"]
sqlcipher = ["sqlcipher3-binary"]

[[package]]
name = "sqlcipher3"
version = "0.5.0"
description = "DB-API 2.0 interface for SQLCipher 3.x"
category = "main"
optional = false
python-versions = "*"
files = [
    {file = "sqlcipher3-0.5.0.tar.gz", hash = "sha256:fb06bb5336825af204e8e6dbfc885e99af149c53ebd8ff877837b5478fa253e5"},
]

[[package]]
name = "tabulate"
version = "0.9.0"
description = "Pretty-print tabular data"
category = "main"
optional = false
python-versions = ">=3.7"
files = [
    {file = "tabulate-0.9.0-py3-none-any.whl", hash = "sha256:024ca478df22e9340661486f85298cff5f6dcdba14f3813e8830015b9ed1948f"},
    {file = "tabulate-0.9.0.tar.gz", hash = "sha256:0095b12bf5966de529c0feb1fa08671671b3368eec77d7ef7ab114be2c068b3c"},
]

[package.extras]
widechars = ["wcwidth"]

[[package]]
name = "typing-extensions"
version = "4.5.0"
description = "Backported and Experimental Type Hints for Python 3.7+"
category = "main"
optional = false
python-versions = ">=3.7"
files = [
    {file = "typing_extensions-4.5.0-py3-none-any.whl", hash = "sha256:fb33085c39dd998ac16d1431ebc293a8b3eedd00fd4a32de0ff79002c19511b4"},
    {file = "typing_extensions-4.5.0.tar.gz", hash = "sha256:5cb5f4a79139d699607b3ef622a1dedafa84e115ab0024e0d9c044a9479ca7cb"},
]

[metadata]
lock-version = "2.0"
python-versions = "^3.10"
content-hash = "f11acba3319dcb9b2e241c58405ea63ee3ad39daaf176487aaea5ca6f4c9a4c1"
